{
  "name": "comic-book-collection",
  "lockfileVersion": 2,
  "requires": true,
  "packages": {
    "": {
      "dependencies": {
        "vue-scrolly": "^0.9.3"
      }
    },
    "node_modules/normalize-wheel": {
      "version": "1.0.1",
      "resolved": "https://registry.npmjs.org/normalize-wheel/-/normalize-wheel-1.0.1.tgz",
      "integrity": "sha512-1OnlAPZ3zgrk8B91HyRj+eVv+kS5u+Z0SCsak6Xil/kmgEia50ga7zfkumayonZrImffAxPU/5WcyGhzetHNPA=="
    },
    "node_modules/vue-scrolly": {
      "version": "0.9.3",
      "resolved": "https://registry.npmjs.org/vue-scrolly/-/vue-scrolly-0.9.3.tgz",
      "integrity": "sha512-ctNf7Z0cDTC4iis7j9g/h+GPjwHspvXG6q/U7GfAtbzPuqxv8j4rFyFzOAzCLAxez5aEjUafyIOmQeTqAXzDuA==",
      "dependencies": {
        "normalize-wheel": "^1.0.1"
      },
      "engines": {
        "node": ">=6.0.0"
      }
    }
  },
  "dependencies": {
    "normalize-wheel": {
      "version": "1.0.1",
      "resolved": "https://registry.npmjs.org/normalize-wheel/-/normalize-wheel-1.0.1.tgz",
      "integrity": "sha512-1OnlAPZ3zgrk8B91HyRj+eVv+kS5u+Z0SCsak6Xil/kmgEia50ga7zfkumayonZrImffAxPU/5WcyGhzetHNPA=="
    },
    "vue-scrolly": {
      "version": "0.9.3",
      "resolved": "https://registry.npmjs.org/vue-scrolly/-/vue-scrolly-0.9.3.tgz",
      "integrity": "sha512-ctNf7Z0cDTC4iis7j9g/h+GPjwHspvXG6q/U7GfAtbzPuqxv8j4rFyFzOAzCLAxez5aEjUafyIOmQeTqAXzDuA==",
      "requires": {
        "normalize-wheel": "^1.0.1"
      }
    }
  }
}
